
Microsoft Visual Studio Solution File, Format Version 12.00
# Visual Studio Version 16
VisualStudioVersion = 16.0.31515.178
MinimumVisualStudioVersion = 10.0.40219.1
Project("{FAE04EC0-301F-11D3-BF4B-00C04F79EFBC}") = "Vivace", "Vivace\Vivace.csproj", "{C2C119BE-BAD8-4A15-A99E-BE75B14EEF7C}"
EndProject
Global
	GlobalSection(SolutionConfigurationPlatforms) = preSolution
		Debug|Any CPU = Debug|Any CPU
		Release|Any CPU = Release|Any CPU
	EndGlobalSection
	GlobalSection(ProjectConfigurationPlatforms) = postSolution
		{C2C119BE-BAD8-4A15-A99E-BE75B14EEF7C}.Debug|Any CPU.ActiveCfg = Debug|Any CPU
		{C2C119BE-BAD8-4A15-A99E-BE75B14EEF7C}.Debug|Any CPU.Build.0 = Debug|Any CPU
		{C2C119BE-BAD8-4A15-A99E-BE75B14EEF7C}.Release|Any CPU.ActiveCfg = Release|Any CPU
		{C2C119BE-BAD8-4A15-A99E-BE75B14EEF7C}.Release|Any CPU.Build.0 = Release|Any CPU
	EndGlobalSection
	GlobalSection(SolutionProperties) = preSolution
		HideSolutionNode = FALSE
	EndGlobalSection
	GlobalSection(ExtensibilityGlobals) = postSolution
		SolutionGuid = {E7B1BAFD-955A-4614-99C7-5E5A70AC9723}
	EndGlobalSection
EndGlobal
